
Microsoft Visual Studio Solution File, Format Version 12.00
# Visual Studio Version 17
VisualStudioVersion = 17.7.34031.279
MinimumVisualStudioVersion = 10.0.40219.1
Project("{9A19103F-16F7-4668-BE54-9A1E7A4F7556}") = "DocumentStoreManagement", "DocumentStoreManagement\DocumentStoreManagement.csproj", "{704522CA-CFEA-4A70-8C85-E1CF94BB3C82}"
EndProject
Project("{9A19103F-16F7-4668-BE54-9A1E7A4F7556}") = "DocumentStoreManagement.Core", "DocumentStoreManagement.Core\DocumentStoreManagement.Core.csproj", "{FC4A3778-1A1D-42E2-A079-3651B07F788C}"
EndProject
Project("{9A19103F-16F7-4668-BE54-9A1E7A4F7556}") = "DocumentStoreManagement.Infrastructure", "DocumentStoreManagement.Infrastructure\DocumentStoreManagement.Infrastructure.csproj", "{65902040-3595-40B7-ADAF-7B5028CFB0B3}"
EndProject
Project("{9A19103F-16F7-4668-BE54-9A1E7A4F7556}") = "DocumentStoreManagement.Services", "DocumentStoreManagement.Services\DocumentStoreManagement.Services.csproj", "{9D55ED96-09E2-4FBD-9BAC-C5AF602E599C}"
EndProject
Project("{FAE04EC0-301F-11D3-BF4B-00C04F79EFBC}") = "RabbitMQOrder.ConsoleApp", "RabbitMQOrder.ConsoleApp\RabbitMQOrder.ConsoleApp.csproj", "{232C48FB-6D76-4B6C-A95C-FE7E86DEC0C7}"
EndProject
Global
	GlobalSection(SolutionConfigurationPlatforms) = preSolution
		Debug|Any CPU = Debug|Any CPU
		Release|Any CPU = Release|Any CPU
	EndGlobalSection
	GlobalSection(ProjectConfigurationPlatforms) = postSolution
		{704522CA-CFEA-4A70-8C85-E1CF94BB3C82}.Debug|Any CPU.ActiveCfg = Debug|Any CPU
		{704522CA-CFEA-4A70-8C85-E1CF94BB3C82}.Debug|Any CPU.Build.0 = Debug|Any CPU
		{704522CA-CFEA-4A70-8C85-E1CF94BB3C82}.Release|Any CPU.ActiveCfg = Release|Any CPU
		{704522CA-CFEA-4A70-8C85-E1CF94BB3C82}.Release|Any CPU.Build.0 = Release|Any CPU
		{FC4A3778-1A1D-42E2-A079-3651B07F788C}.Debug|Any CPU.ActiveCfg = Debug|Any CPU
		{FC4A3778-1A1D-42E2-A079-3651B07F788C}.Debug|Any CPU.Build.0 = Debug|Any CPU
		{FC4A3778-1A1D-42E2-A079-3651B07F788C}.Release|Any CPU.ActiveCfg = Release|Any CPU
		{FC4A3778-1A1D-42E2-A079-3651B07F788C}.Release|Any CPU.Build.0 = Release|Any CPU
		{65902040-3595-40B7-ADAF-7B5028CFB0B3}.Debug|Any CPU.ActiveCfg = Debug|Any CPU
		{65902040-3595-40B7-ADAF-7B5028CFB0B3}.Debug|Any CPU.Build.0 = Debug|Any CPU
		{65902040-3595-40B7-ADAF-7B5028CFB0B3}.Release|Any CPU.ActiveCfg = Release|Any CPU
		{65902040-3595-40B7-ADAF-7B5028CFB0B3}.Release|Any CPU.Build.0 = Release|Any CPU
		{9D55ED96-09E2-4FBD-9BAC-C5AF602E599C}.Debug|Any CPU.ActiveCfg = Debug|Any CPU
		{9D55ED96-09E2-4FBD-9BAC-C5AF602E599C}.Debug|Any CPU.Build.0 = Debug|Any CPU
		{9D55ED96-09E2-4FBD-9BAC-C5AF602E599C}.Release|Any CPU.ActiveCfg = Release|Any CPU
		{9D55ED96-09E2-4FBD-9BAC-C5AF602E599C}.Release|Any CPU.Build.0 = Release|Any CPU
		{232C48FB-6D76-4B6C-A95C-FE7E86DEC0C7}.Debug|Any CPU.ActiveCfg = Debug|Any CPU
		{232C48FB-6D76-4B6C-A95C-FE7E86DEC0C7}.Debug|Any CPU.Build.0 = Debug|Any CPU
		{232C48FB-6D76-4B6C-A95C-FE7E86DEC0C7}.Release|Any CPU.ActiveCfg = Release|Any CPU
		{232C48FB-6D76-4B6C-A95C-FE7E86DEC0C7}.Release|Any CPU.Build.0 = Release|Any CPU
	EndGlobalSection
	GlobalSection(SolutionProperties) = preSolution
		HideSolutionNode = FALSE
	EndGlobalSection
	GlobalSection(ExtensibilityGlobals) = postSolution
		SolutionGuid = {A5754BAE-4CF2-43DF-A721-C9947D4CEE82}
	EndGlobalSection
EndGlobal
